// !$*UTF8*$!
{
	archiveVersion = 1;
	classes = {
	};
	objectVersion = 55;
	objects = {

/* Begin PBXBuildFile section */
		684CF38A28508D85003D3272 /* CompletionProvider.swift in Sources */ = {isa = PBXBuildFile; fileRef = 684CF38928508D85003D3272 /* CompletionProvider.swift */; };
		684CF38C2851CFF0003D3272 /* CompletionRequest.swift in Sources */ = {isa = PBXBuildFile; fileRef = 684CF38B2851CFF0003D3272 /* CompletionRequest.swift */; };
		684CF38F2851E05D003D3272 /* TextRange.swift in Sources */ = {isa = PBXBuildFile; fileRef = 684CF38E2851E05D003D3272 /* TextRange.swift */; };
		684CF3912851E703003D3272 /* Sentences.swift in Sources */ = {isa = PBXBuildFile; fileRef = 684CF3902851E703003D3272 /* Sentences.swift */; };
		6858DC52284D875F003A5269 /* STTextView in Frameworks */ = {isa = PBXBuildFile; productRef = 6858DC51284D875F003A5269 /* STTextView */; };
		6858DC54284D8786003A5269 /* STTextView in Frameworks */ = {isa = PBXBuildFile; productRef = 6858DC53284D8786003A5269 /* STTextView */; };
		6858DC55284D9D16003A5269 /* EditorController.swift in Sources */ = {isa = PBXBuildFile; fileRef = 68A6864B28470F4400E792D4 /* EditorController.swift */; };
		68A685ED28470BD800E792D4 /* ElvaApp.swift in Sources */ = {isa = PBXBuildFile; fileRef = 68A685EC28470BD800E792D4 /* ElvaApp.swift */; };
		68A685EF28470BD800E792D4 /* ContentView.swift in Sources */ = {isa = PBXBuildFile; fileRef = 68A685EE28470BD800E792D4 /* ContentView.swift */; };
		68A685F128470BDA00E792D4 /* Assets.xcassets in Resources */ = {isa = PBXBuildFile; fileRef = 68A685F028470BDA00E792D4 /* Assets.xcassets */; };
		68A685F428470BDA00E792D4 /* Preview Assets.xcassets in Resources */ = {isa = PBXBuildFile; fileRef = 68A685F328470BDA00E792D4 /* Preview Assets.xcassets */; };
		68A6860428470C0800E792D4 /* EditorCore.docc in Sources */ = {isa = PBXBuildFile; fileRef = 68A6860328470C0800E792D4 /* EditorCore.docc */; };
		68A6860A28470C0900E792D4 /* EditorCore.framework in Frameworks */ = {isa = PBXBuildFile; fileRef = 68A6860028470C0800E792D4 /* EditorCore.framework */; };
		68A6861128470C0900E792D4 /* EditorCoreTests.swift in Sources */ = {isa = PBXBuildFile; fileRef = 68A6861028470C0900E792D4 /* EditorCoreTests.swift */; };
		68A6861228470C0900E792D4 /* EditorCore.h in Headers */ = {isa = PBXBuildFile; fileRef = 68A6860228470C0800E792D4 /* EditorCore.h */; settings = {ATTRIBUTES = (Public, ); }; };
		68A6861528470C0900E792D4 /* EditorCore.framework in Frameworks */ = {isa = PBXBuildFile; fileRef = 68A6860028470C0800E792D4 /* EditorCore.framework */; };
		68A6861628470C0900E792D4 /* EditorCore.framework in Embed Frameworks */ = {isa = PBXBuildFile; fileRef = 68A6860028470C0800E792D4 /* EditorCore.framework */; settings = {ATTRIBUTES = (CodeSignOnCopy, RemoveHeadersOnCopy, ); }; };
		68A6862128470CBC00E792D4 /* Element.swift in Sources */ = {isa = PBXBuildFile; fileRef = 68A6861F28470CBC00E792D4 /* Element.swift */; };
		68A6862228470CBC00E792D4 /* Extensions.swift in Sources */ = {isa = PBXBuildFile; fileRef = 68A6862028470CBC00E792D4 /* Extensions.swift */; };
		68A6863628470CC600E792D4 /* EditorCore-iOS.swift in Sources */ = {isa = PBXBuildFile; fileRef = 68A6862328470CC600E792D4 /* EditorCore-iOS.swift */; };
		68A6863828470CC600E792D4 /* Style.swift in Sources */ = {isa = PBXBuildFile; fileRef = 68A6862528470CC600E792D4 /* Style.swift */; };
		68A6863928470CC600E792D4 /* Storage.swift in Sources */ = {isa = PBXBuildFile; fileRef = 68A6862628470CC600E792D4 /* Storage.swift */; };
		68A6863A28470CC600E792D4 /* Theme.swift in Sources */ = {isa = PBXBuildFile; fileRef = 68A6862728470CC600E792D4 /* Theme.swift */; };
		68A6863C28470CC600E792D4 /* EditorCore-macOS.swift in Sources */ = {isa = PBXBuildFile; fileRef = 68A6862928470CC600E792D4 /* EditorCore-macOS.swift */; };
		68A6863D28470CC600E792D4 /* solarized-light.json in Resources */ = {isa = PBXBuildFile; fileRef = 68A6862B28470CC600E792D4 /* solarized-light.json */; };
		68A6863E28470CC600E792D4 /* one-light.json in Resources */ = {isa = PBXBuildFile; fileRef = 68A6862C28470CC600E792D4 /* one-light.json */; };
		68A6863F28470CC600E792D4 /* one-light-custom.json in Resources */ = {isa = PBXBuildFile; fileRef = 68A6862D28470CC600E792D4 /* one-light-custom.json */; };
		68A6864028470CC600E792D4 /* base16-tomorrow-dark.json in Resources */ = {isa = PBXBuildFile; fileRef = 68A6862E28470CC600E792D4 /* base16-tomorrow-dark.json */; };
		68A6864128470CC600E792D4 /* base16-tomorrow-light.json in Resources */ = {isa = PBXBuildFile; fileRef = 68A6862F28470CC600E792D4 /* base16-tomorrow-light.json */; };
		68A6864228470CC600E792D4 /* system-minimal.json in Resources */ = {isa = PBXBuildFile; fileRef = 68A6863028470CC600E792D4 /* system-minimal.json */; };
		68A6864328470CC600E792D4 /* blues-clues.json in Resources */ = {isa = PBXBuildFile; fileRef = 68A6863128470CC600E792D4 /* blues-clues.json */; };
		68A6864428470CC600E792D4 /* solarized-dark.json in Resources */ = {isa = PBXBuildFile; fileRef = 68A6863228470CC600E792D4 /* solarized-dark.json */; };
		68A6864528470CC600E792D4 /* one-dark-custom.json in Resources */ = {isa = PBXBuildFile; fileRef = 68A6863328470CC600E792D4 /* one-dark-custom.json */; };
		68A6864628470CC600E792D4 /* one-dark.json in Resources */ = {isa = PBXBuildFile; fileRef = 68A6863428470CC600E792D4 /* one-dark.json */; };
		68A6864728470CC600E792D4 /* UniversalTypes.swift in Sources */ = {isa = PBXBuildFile; fileRef = 68A6863528470CC600E792D4 /* UniversalTypes.swift */; };
		68A6864A28470F1B00E792D4 /* EditorView.swift in Sources */ = {isa = PBXBuildFile; fileRef = 68A6864928470F1B00E792D4 /* EditorView.swift */; };
/* End PBXBuildFile section */

/* Begin PBXContainerItemProxy section */
		68A6860B28470C0900E792D4 /* PBXContainerItemProxy */ = {
			isa = PBXContainerItemProxy;
			containerPortal = 68A685E128470BD800E792D4 /* Project object */;
			proxyType = 1;
			remoteGlobalIDString = 68A685FF28470C0800E792D4;
			remoteInfo = EditorCore;
		};
		68A6860D28470C0900E792D4 /* PBXContainerItemProxy */ = {
			isa = PBXContainerItemProxy;
			containerPortal = 68A685E128470BD800E792D4 /* Project object */;
			proxyType = 1;
			remoteGlobalIDString = 68A685E828470BD800E792D4;
			remoteInfo = Elva;
		};
		68A6861328470C0900E792D4 /* PBXContainerItemProxy */ = {
			isa = PBXContainerItemProxy;
			containerPortal = 68A685E128470BD800E792D4 /* Project object */;
			proxyType = 1;
			remoteGlobalIDString = 68A685FF28470C0800E792D4;
			remoteInfo = EditorCore;
		};
/* End PBXContainerItemProxy section */

/* Begin PBXCopyFilesBuildPhase section */
		68A6861A28470C0900E792D4 /* Embed Frameworks */ = {
			isa = PBXCopyFilesBuildPhase;
			buildActionMask = 2147483647;
			dstPath = "";
			dstSubfolderSpec = 10;
			files = (
				68A6861628470C0900E792D4 /* EditorCore.framework in Embed Frameworks */,
			);
			name = "Embed Frameworks";
			runOnlyForDeploymentPostprocessing = 0;
		};
/* End PBXCopyFilesBuildPhase section */

/* Begin PBXFileReference section */
		684CF38928508D85003D3272 /* CompletionProvider.swift */ = {isa = PBXFileReference; lastKnownFileType = sourcecode.swift; path = CompletionProvider.swift; sourceTree = "<group>"; };
		684CF38B2851CFF0003D3272 /* CompletionRequest.swift */ = {isa = PBXFileReference; lastKnownFileType = sourcecode.swift; path = CompletionRequest.swift; sourceTree = "<group>"; };
		684CF38E2851E05D003D3272 /* TextRange.swift */ = {isa = PBXFileReference; lastKnownFileType = sourcecode.swift; path = TextRange.swift; sourceTree = "<group>"; };
		684CF3902851E703003D3272 /* Sentences.swift */ = {isa = PBXFileReference; lastKnownFileType = sourcecode.swift; path = Sentences.swift; sourceTree = "<group>"; };
		68A685E928470BD800E792D4 /* Elva.app */ = {isa = PBXFileReference; explicitFileType = wrapper.application; includeInIndex = 0; path = Elva.app; sourceTree = BUILT_PRODUCTS_DIR; };
		68A685EC28470BD800E792D4 /* ElvaApp.swift */ = {isa = PBXFileReference; lastKnownFileType = sourcecode.swift; path = ElvaApp.swift; sourceTree = "<group>"; };
		68A685EE28470BD800E792D4 /* ContentView.swift */ = {isa = PBXFileReference; lastKnownFileType = sourcecode.swift; path = ContentView.swift; sourceTree = "<group>"; };
		68A685F028470BDA00E792D4 /* Assets.xcassets */ = {isa = PBXFileReference; lastKnownFileType = folder.assetcatalog; path = Assets.xcassets; sourceTree = "<group>"; };
		68A685F328470BDA00E792D4 /* Preview Assets.xcassets */ = {isa = PBXFileReference; lastKnownFileType = folder.assetcatalog; path = "Preview Assets.xcassets"; sourceTree = "<group>"; };
		68A685F528470BDA00E792D4 /* Elva.entitlements */ = {isa = PBXFileReference; lastKnownFileType = text.plist.entitlements; path = Elva.entitlements; sourceTree = "<group>"; };
		68A6860028470C0800E792D4 /* EditorCore.framework */ = {isa = PBXFileReference; explicitFileType = wrapper.framework; includeInIndex = 0; path = EditorCore.framework; sourceTree = BUILT_PRODUCTS_DIR; };
		68A6860228470C0800E792D4 /* EditorCore.h */ = {isa = PBXFileReference; lastKnownFileType = sourcecode.c.h; path = EditorCore.h; sourceTree = "<group>"; };
		68A6860328470C0800E792D4 /* EditorCore.docc */ = {isa = PBXFileReference; lastKnownFileType = folder.documentationcatalog; path = EditorCore.docc; sourceTree = "<group>"; };
		68A6860928470C0900E792D4 /* EditorCoreTests.xctest */ = {isa = PBXFileReference; explicitFileType = wrapper.cfbundle; includeInIndex = 0; path = EditorCoreTests.xctest; sourceTree = BUILT_PRODUCTS_DIR; };
		68A6861028470C0900E792D4 /* EditorCoreTests.swift */ = {isa = PBXFileReference; lastKnownFileType = sourcecode.swift; path = EditorCoreTests.swift; sourceTree = "<group>"; };
		68A6861F28470CBC00E792D4 /* Element.swift */ = {isa = PBXFileReference; fileEncoding = 4; lastKnownFileType = sourcecode.swift; path = Element.swift; sourceTree = "<group>"; };
		68A6862028470CBC00E792D4 /* Extensions.swift */ = {isa = PBXFileReference; fileEncoding = 4; lastKnownFileType = sourcecode.swift; path = Extensions.swift; sourceTree = "<group>"; };
		68A6862328470CC600E792D4 /* EditorCore-iOS.swift */ = {isa = PBXFileReference; fileEncoding = 4; lastKnownFileType = sourcecode.swift; path = "EditorCore-iOS.swift"; sourceTree = "<group>"; };
		68A6862528470CC600E792D4 /* Style.swift */ = {isa = PBXFileReference; fileEncoding = 4; lastKnownFileType = sourcecode.swift; path = Style.swift; sourceTree = "<group>"; };
		68A6862628470CC600E792D4 /* Storage.swift */ = {isa = PBXFileReference; fileEncoding = 4; lastKnownFileType = sourcecode.swift; path = Storage.swift; sourceTree = "<group>"; };
		68A6862728470CC600E792D4 /* Theme.swift */ = {isa = PBXFileReference; fileEncoding = 4; lastKnownFileType = sourcecode.swift; path = Theme.swift; sourceTree = "<group>"; };
		68A6862928470CC600E792D4 /* EditorCore-macOS.swift */ = {isa = PBXFileReference; fileEncoding = 4; lastKnownFileType = sourcecode.swift; path = "EditorCore-macOS.swift"; sourceTree = "<group>"; };
		68A6862B28470CC600E792D4 /* solarized-light.json */ = {isa = PBXFileReference; fileEncoding = 4; lastKnownFileType = text.json; path = "solarized-light.json"; sourceTree = "<group>"; };
		68A6862C28470CC600E792D4 /* one-light.json */ = {isa = PBXFileReference; fileEncoding = 4; lastKnownFileType = text.json; path = "one-light.json"; sourceTree = "<group>"; };
		68A6862D28470CC600E792D4 /* one-light-custom.json */ = {isa = PBXFileReference; fileEncoding = 4; lastKnownFileType = text.json; path = "one-light-custom.json"; sourceTree = "<group>"; };
		68A6862E28470CC600E792D4 /* base16-tomorrow-dark.json */ = {isa = PBXFileReference; fileEncoding = 4; lastKnownFileType = text.json; path = "base16-tomorrow-dark.json"; sourceTree = "<group>"; };
		68A6862F28470CC600E792D4 /* base16-tomorrow-light.json */ = {isa = PBXFileReference; fileEncoding = 4; lastKnownFileType = text.json; path = "base16-tomorrow-light.json"; sourceTree = "<group>"; };
		68A6863028470CC600E792D4 /* system-minimal.json */ = {isa = PBXFileReference; fileEncoding = 4; lastKnownFileType = text.json; path = "system-minimal.json"; sourceTree = "<group>"; };
		68A6863128470CC600E792D4 /* blues-clues.json */ = {isa = PBXFileReference; fileEncoding = 4; lastKnownFileType = text.json; path = "blues-clues.json"; sourceTree = "<group>"; };
		68A6863228470CC600E792D4 /* solarized-dark.json */ = {isa = PBXFileReference; fileEncoding = 4; lastKnownFileType = text.json; path = "solarized-dark.json"; sourceTree = "<group>"; };
		68A6863328470CC600E792D4 /* one-dark-custom.json */ = {isa = PBXFileReference; fileEncoding = 4; lastKnownFileType = text.json; path = "one-dark-custom.json"; sourceTree = "<group>"; };
		68A6863428470CC600E792D4 /* one-dark.json */ = {isa = PBXFileReference; fileEncoding = 4; lastKnownFileType = text.json; path = "one-dark.json"; sourceTree = "<group>"; };
		68A6863528470CC600E792D4 /* UniversalTypes.swift */ = {isa = PBXFileReference; fileEncoding = 4; lastKnownFileType = sourcecode.swift; path = UniversalTypes.swift; sourceTree = "<group>"; };
		68A6864928470F1B00E792D4 /* EditorView.swift */ = {isa = PBXFileReference; lastKnownFileType = sourcecode.swift; path = EditorView.swift; sourceTree = "<group>"; };
		68A6864B28470F4400E792D4 /* EditorController.swift */ = {isa = PBXFileReference; lastKnownFileType = sourcecode.swift; path = EditorController.swift; sourceTree = "<group>"; };
/* End PBXFileReference section */

/* Begin PBXFrameworksBuildPhase section */
		68A685E628470BD800E792D4 /* Frameworks */ = {
			isa = PBXFrameworksBuildPhase;
			buildActionMask = 2147483647;
			files = (
				68A6861528470C0900E792D4 /* EditorCore.framework in Frameworks */,
				6858DC52284D875F003A5269 /* STTextView in Frameworks */,
			);
			runOnlyForDeploymentPostprocessing = 0;
		};
		68A685FD28470C0800E792D4 /* Frameworks */ = {
			isa = PBXFrameworksBuildPhase;
			buildActionMask = 2147483647;
			files = (
				6858DC54284D8786003A5269 /* STTextView in Frameworks */,
			);
			runOnlyForDeploymentPostprocessing = 0;
		};
		68A6860628470C0900E792D4 /* Frameworks */ = {
			isa = PBXFrameworksBuildPhase;
			buildActionMask = 2147483647;
			files = (
				68A6860A28470C0900E792D4 /* EditorCore.framework in Frameworks */,
			);
			runOnlyForDeploymentPostprocessing = 0;
		};
/* End PBXFrameworksBuildPhase section */

/* Begin PBXGroup section */
		684CF38828508D2B003D3272 /* GPT-API */ = {
			isa = PBXGroup;
			children = (
				684CF38928508D85003D3272 /* CompletionProvider.swift */,
				684CF38B2851CFF0003D3272 /* CompletionRequest.swift */,
			);
			path = "GPT-API";
			sourceTree = "<group>";
		};
		684CF38D2851E04F003D3272 /* Utils */ = {
			isa = PBXGroup;
			children = (
				684CF38E2851E05D003D3272 /* TextRange.swift */,
				684CF3902851E703003D3272 /* Sentences.swift */,
			);
			path = Utils;
			sourceTree = "<group>";
		};
		6858DC41284D8541003A5269 /* Frameworks */ = {
			isa = PBXGroup;
			children = (
			);
			name = Frameworks;
			sourceTree = "<group>";
		};
		68A685E028470BD800E792D4 = {
			isa = PBXGroup;
			children = (
				68A685EB28470BD800E792D4 /* Elva */,
				68A6860128470C0800E792D4 /* EditorCore */,
				68A6860F28470C0900E792D4 /* EditorCoreTests */,
				68A685EA28470BD800E792D4 /* Products */,
				6858DC41284D8541003A5269 /* Frameworks */,
			);
			sourceTree = "<group>";
		};
		68A685EA28470BD800E792D4 /* Products */ = {
			isa = PBXGroup;
			children = (
				68A685E928470BD800E792D4 /* Elva.app */,
				68A6860028470C0800E792D4 /* EditorCore.framework */,
				68A6860928470C0900E792D4 /* EditorCoreTests.xctest */,
			);
			name = Products;
			sourceTree = "<group>";
		};
		68A685EB28470BD800E792D4 /* Elva */ = {
			isa = PBXGroup;
			children = (
				68A6864828470F0E00E792D4 /* Editor */,
				68A685EC28470BD800E792D4 /* ElvaApp.swift */,
				68A685EE28470BD800E792D4 /* ContentView.swift */,
				68A685F028470BDA00E792D4 /* Assets.xcassets */,
				68A685F528470BDA00E792D4 /* Elva.entitlements */,
				68A685F228470BDA00E792D4 /* Preview Content */,
			);
			path = Elva;
			sourceTree = "<group>";
		};
		68A685F228470BDA00E792D4 /* Preview Content */ = {
			isa = PBXGroup;
			children = (
				68A685F328470BDA00E792D4 /* Preview Assets.xcassets */,
			);
			path = "Preview Content";
			sourceTree = "<group>";
		};
		68A6860128470C0800E792D4 /* EditorCore */ = {
			isa = PBXGroup;
			children = (
				684CF38D2851E04F003D3272 /* Utils */,
				684CF38828508D2B003D3272 /* GPT-API */,
				68A6864D284741DE00E792D4 /* Theme */,
				68A6860228470C0800E792D4 /* EditorCore.h */,
				68A6861F28470CBC00E792D4 /* Element.swift */,
				68A6862028470CBC00E792D4 /* Extensions.swift */,
				68A6864B28470F4400E792D4 /* EditorController.swift */,
				68A6862328470CC600E792D4 /* EditorCore-iOS.swift */,
				68A6862928470CC600E792D4 /* EditorCore-macOS.swift */,
				68A6862628470CC600E792D4 /* Storage.swift */,
				68A6862A28470CC600E792D4 /* themes */,
				68A6863528470CC600E792D4 /* UniversalTypes.swift */,
				68A6860328470C0800E792D4 /* EditorCore.docc */,
			);
			path = EditorCore;
			sourceTree = "<group>";
		};
		68A6860F28470C0900E792D4 /* EditorCoreTests */ = {
			isa = PBXGroup;
			children = (
				68A6861028470C0900E792D4 /* EditorCoreTests.swift */,
			);
			path = EditorCoreTests;
			sourceTree = "<group>";
		};
		68A6862A28470CC600E792D4 /* themes */ = {
			isa = PBXGroup;
			children = (
				68A6862B28470CC600E792D4 /* solarized-light.json */,
				68A6862C28470CC600E792D4 /* one-light.json */,
				68A6862D28470CC600E792D4 /* one-light-custom.json */,
				68A6862E28470CC600E792D4 /* base16-tomorrow-dark.json */,
				68A6862F28470CC600E792D4 /* base16-tomorrow-light.json */,
				68A6863028470CC600E792D4 /* system-minimal.json */,
				68A6863128470CC600E792D4 /* blues-clues.json */,
				68A6863228470CC600E792D4 /* solarized-dark.json */,
				68A6863328470CC600E792D4 /* one-dark-custom.json */,
				68A6863428470CC600E792D4 /* one-dark.json */,
			);
			path = themes;
			sourceTree = "<group>";
		};
		68A6864828470F0E00E792D4 /* Editor */ = {
			isa = PBXGroup;
			children = (
				68A6864928470F1B00E792D4 /* EditorView.swift */,
			);
			path = Editor;
			sourceTree = "<group>";
		};
		68A6864D284741DE00E792D4 /* Theme */ = {
			isa = PBXGroup;
			children = (
				68A6862528470CC600E792D4 /* Style.swift */,
				68A6862728470CC600E792D4 /* Theme.swift */,
			);
			path = Theme;
			sourceTree = "<group>";
		};
/* End PBXGroup section */

/* Begin PBXHeadersBuildPhase section */
		68A685FB28470C0800E792D4 /* Headers */ = {
			isa = PBXHeadersBuildPhase;
			buildActionMask = 2147483647;
			files = (
				68A6861228470C0900E792D4 /* EditorCore.h in Headers */,
			);
			runOnlyForDeploymentPostprocessing = 0;
		};
/* End PBXHeadersBuildPhase section */

/* Begin PBXNativeTarget section */
		68A685E828470BD800E792D4 /* Elva */ = {
			isa = PBXNativeTarget;
			buildConfigurationList = 68A685F828470BDA00E792D4 /* Build configuration list for PBXNativeTarget "Elva" */;
			buildPhases = (
				68A685E528470BD800E792D4 /* Sources */,
				68A685E628470BD800E792D4 /* Frameworks */,
				68A685E728470BD800E792D4 /* Resources */,
				68A6861A28470C0900E792D4 /* Embed Frameworks */,
			);
			buildRules = (
			);
			dependencies = (
				68A6861428470C0900E792D4 /* PBXTargetDependency */,
			);
			name = Elva;
			packageProductDependencies = (
				6858DC51284D875F003A5269 /* STTextView */,
			);
			productName = Elva;
			productReference = 68A685E928470BD800E792D4 /* Elva.app */;
			productType = "com.apple.product-type.application";
		};
		68A685FF28470C0800E792D4 /* EditorCore */ = {
			isa = PBXNativeTarget;
			buildConfigurationList = 68A6861728470C0900E792D4 /* Build configuration list for PBXNativeTarget "EditorCore" */;
			buildPhases = (
				68A685FB28470C0800E792D4 /* Headers */,
				68A685FC28470C0800E792D4 /* Sources */,
				68A685FD28470C0800E792D4 /* Frameworks */,
				68A685FE28470C0800E792D4 /* Resources */,
			);
			buildRules = (
			);
			dependencies = (
			);
			name = EditorCore;
			packageProductDependencies = (
				6858DC53284D8786003A5269 /* STTextView */,
			);
			productName = EditorCore;
			productReference = 68A6860028470C0800E792D4 /* EditorCore.framework */;
			productType = "com.apple.product-type.framework";
		};
		68A6860828470C0900E792D4 /* EditorCoreTests */ = {
			isa = PBXNativeTarget;
			buildConfigurationList = 68A6861B28470C0900E792D4 /* Build configuration list for PBXNativeTarget "EditorCoreTests" */;
			buildPhases = (
				68A6860528470C0900E792D4 /* Sources */,
				68A6860628470C0900E792D4 /* Frameworks */,
				68A6860728470C0900E792D4 /* Resources */,
			);
			buildRules = (
			);
			dependencies = (
				68A6860C28470C0900E792D4 /* PBXTargetDependency */,
				68A6860E28470C0900E792D4 /* PBXTargetDependency */,
			);
			name = EditorCoreTests;
			productName = EditorCoreTests;
			productReference = 68A6860928470C0900E792D4 /* EditorCoreTests.xctest */;
			productType = "com.apple.product-type.bundle.unit-test";
		};
/* End PBXNativeTarget section */

/* Begin PBXProject section */
		68A685E128470BD800E792D4 /* Project object */ = {
			isa = PBXProject;
			attributes = {
				BuildIndependentTargetsInParallel = 1;
				LastSwiftUpdateCheck = 1340;
				LastUpgradeCheck = 1340;
				TargetAttributes = {
					68A685E828470BD800E792D4 = {
						CreatedOnToolsVersion = 13.4;
					};
					68A685FF28470C0800E792D4 = {
						CreatedOnToolsVersion = 13.4;
						LastSwiftMigration = 1340;
					};
					68A6860828470C0900E792D4 = {
						CreatedOnToolsVersion = 13.4;
						TestTargetID = 68A685E828470BD800E792D4;
					};
				};
			};
			buildConfigurationList = 68A685E428470BD800E792D4 /* Build configuration list for PBXProject "Elva" */;
			compatibilityVersion = "Xcode 13.0";
			developmentRegion = en;
			hasScannedForEncodings = 0;
			knownRegions = (
				en,
				Base,
			);
			mainGroup = 68A685E028470BD800E792D4;
			packageReferences = (
				6858DC50284D875F003A5269 /* XCRemoteSwiftPackageReference "STTextView" */,
			);
			productRefGroup = 68A685EA28470BD800E792D4 /* Products */;
			projectDirPath = "";
			projectRoot = "";
			targets = (
				68A685E828470BD800E792D4 /* Elva */,
				68A685FF28470C0800E792D4 /* EditorCore */,
				68A6860828470C0900E792D4 /* EditorCoreTests */,
			);
		};
/* End PBXProject section */

/* Begin PBXResourcesBuildPhase section */
		68A685E728470BD800E792D4 /* Resources */ = {
			isa = PBXResourcesBuildPhase;
			buildActionMask = 2147483647;
			files = (
				68A685F428470BDA00E792D4 /* Preview Assets.xcassets in Resources */,
				68A685F128470BDA00E792D4 /* Assets.xcassets in Resources */,
			);
			runOnlyForDeploymentPostprocessing = 0;
		};
		68A685FE28470C0800E792D4 /* Resources */ = {
			isa = PBXResourcesBuildPhase;
			buildActionMask = 2147483647;
			files = (
				68A6864228470CC600E792D4 /* system-minimal.json in Resources */,
				68A6864028470CC600E792D4 /* base16-tomorrow-dark.json in Resources */,
				68A6863D28470CC600E792D4 /* solarized-light.json in Resources */,
				68A6864528470CC600E792D4 /* one-dark-custom.json in Resources */,
				68A6863F28470CC600E792D4 /* one-light-custom.json in Resources */,
				68A6863E28470CC600E792D4 /* one-light.json in Resources */,
				68A6864128470CC600E792D4 /* base16-tomorrow-light.json in Resources */,
				68A6864328470CC600E792D4 /* blues-clues.json in Resources */,
				68A6864628470CC600E792D4 /* one-dark.json in Resources */,
				68A6864428470CC600E792D4 /* solarized-dark.json in Resources */,
			);
			runOnlyForDeploymentPostprocessing = 0;
		};
		68A6860728470C0900E792D4 /* Resources */ = {
			isa = PBXResourcesBuildPhase;
			buildActionMask = 2147483647;
			files = (
			);
			runOnlyForDeploymentPostprocessing = 0;
		};
/* End PBXResourcesBuildPhase section */

/* Begin PBXSourcesBuildPhase section */
		68A685E528470BD800E792D4 /* Sources */ = {
			isa = PBXSourcesBuildPhase;
			buildActionMask = 2147483647;
			files = (
				68A6864A28470F1B00E792D4 /* EditorView.swift in Sources */,
				68A685EF28470BD800E792D4 /* ContentView.swift in Sources */,
				68A685ED28470BD800E792D4 /* ElvaApp.swift in Sources */,
			);
			runOnlyForDeploymentPostprocessing = 0;
		};
		68A685FC28470C0800E792D4 /* Sources */ = {
			isa = PBXSourcesBuildPhase;
			buildActionMask = 2147483647;
			files = (
				68A6862128470CBC00E792D4 /* Element.swift in Sources */,
				68A6863C28470CC600E792D4 /* EditorCore-macOS.swift in Sources */,
				6858DC55284D9D16003A5269 /* EditorController.swift in Sources */,
				684CF38A28508D85003D3272 /* CompletionProvider.swift in Sources */,
				68A6863A28470CC600E792D4 /* Theme.swift in Sources */,
				684CF38C2851CFF0003D3272 /* CompletionRequest.swift in Sources */,
				68A6863928470CC600E792D4 /* Storage.swift in Sources */,
				68A6863828470CC600E792D4 /* Style.swift in Sources */,
				68A6862228470CBC00E792D4 /* Extensions.swift in Sources */,
				68A6860428470C0800E792D4 /* EditorCore.docc in Sources */,
				68A6863628470CC600E792D4 /* EditorCore-iOS.swift in Sources */,
				68A6864728470CC600E792D4 /* UniversalTypes.swift in Sources */,
				684CF3912851E703003D3272 /* Sentences.swift in Sources */,
				684CF38F2851E05D003D3272 /* TextRange.swift in Sources */,
			);
			runOnlyForDeploymentPostprocessing = 0;
		};
		68A6860528470C0900E792D4 /* Sources */ = {
			isa = PBXSourcesBuildPhase;
			buildActionMask = 2147483647;
			files = (
				68A6861128470C0900E792D4 /* EditorCoreTests.swift in Sources */,
			);
			runOnlyForDeploymentPostprocessing = 0;
		};
/* End PBXSourcesBuildPhase section */

/* Begin PBXTargetDependency section */
		68A6860C28470C0900E792D4 /* PBXTargetDependency */ = {
			isa = PBXTargetDependency;
			target = 68A685FF28470C0800E792D4 /* EditorCore */;
			targetProxy = 68A6860B28470C0900E792D4 /* PBXContainerItemProxy */;
		};
		68A6860E28470C0900E792D4 /* PBXTargetDependency */ = {
			isa = PBXTargetDependency;
			target = 68A685E828470BD800E792D4 /* Elva */;
			targetProxy = 68A6860D28470C0900E792D4 /* PBXContainerItemProxy */;
		};
		68A6861428470C0900E792D4 /* PBXTargetDependency */ = {
			isa = PBXTargetDependency;
			target = 68A685FF28470C0800E792D4 /* EditorCore */;
			targetProxy = 68A6861328470C0900E792D4 /* PBXContainerItemProxy */;
		};
/* End PBXTargetDependency section */

/* Begin XCBuildConfiguration section */
		68A685F628470BDA00E792D4 /* Debug */ = {
			isa = XCBuildConfiguration;
			buildSettings = {
				ALWAYS_SEARCH_USER_PATHS = NO;
				CLANG_ANALYZER_NONNULL = YES;
				CLANG_ANALYZER_NUMBER_OBJECT_CONVERSION = YES_AGGRESSIVE;
				CLANG_CXX_LANGUAGE_STANDARD = "gnu++17";
				CLANG_ENABLE_MODULES = YES;
				CLANG_ENABLE_OBJC_ARC = YES;
				CLANG_ENABLE_OBJC_WEAK = YES;
				CLANG_WARN_BLOCK_CAPTURE_AUTORELEASING = YES;
				CLANG_WARN_BOOL_CONVERSION = YES;
				CLANG_WARN_COMMA = YES;
				CLANG_WARN_CONSTANT_CONVERSION = YES;
				CLANG_WARN_DEPRECATED_OBJC_IMPLEMENTATIONS = YES;
				CLANG_WARN_DIRECT_OBJC_ISA_USAGE = YES_ERROR;
				CLANG_WARN_DOCUMENTATION_COMMENTS = YES;
				CLANG_WARN_EMPTY_BODY = YES;
				CLANG_WARN_ENUM_CONVERSION = YES;
				CLANG_WARN_INFINITE_RECURSION = YES;
				CLANG_WARN_INT_CONVERSION = YES;
				CLANG_WARN_NON_LITERAL_NULL_CONVERSION = YES;
				CLANG_WARN_OBJC_IMPLICIT_RETAIN_SELF = YES;
				CLANG_WARN_OBJC_LITERAL_CONVERSION = YES;
				CLANG_WARN_OBJC_ROOT_CLASS = YES_ERROR;
				CLANG_WARN_QUOTED_INCLUDE_IN_FRAMEWORK_HEADER = YES;
				CLANG_WARN_RANGE_LOOP_ANALYSIS = YES;
				CLANG_WARN_STRICT_PROTOTYPES = YES;
				CLANG_WARN_SUSPICIOUS_MOVE = YES;
				CLANG_WARN_UNGUARDED_AVAILABILITY = YES_AGGRESSIVE;
				CLANG_WARN_UNREACHABLE_CODE = YES;
				CLANG_WARN__DUPLICATE_METHOD_MATCH = YES;
				COPY_PHASE_STRIP = NO;
				DEBUG_INFORMATION_FORMAT = dwarf;
				ENABLE_STRICT_OBJC_MSGSEND = YES;
				ENABLE_TESTABILITY = YES;
				GCC_C_LANGUAGE_STANDARD = gnu11;
				GCC_DYNAMIC_NO_PIC = NO;
				GCC_NO_COMMON_BLOCKS = YES;
				GCC_OPTIMIZATION_LEVEL = 0;
				GCC_PREPROCESSOR_DEFINITIONS = (
					"DEBUG=1",
					"$(inherited)",
				);
				GCC_WARN_64_TO_32_BIT_CONVERSION = YES;
				GCC_WARN_ABOUT_RETURN_TYPE = YES_ERROR;
				GCC_WARN_UNDECLARED_SELECTOR = YES;
				GCC_WARN_UNINITIALIZED_AUTOS = YES_AGGRESSIVE;
				GCC_WARN_UNUSED_FUNCTION = YES;
				GCC_WARN_UNUSED_VARIABLE = YES;
				MACOSX_DEPLOYMENT_TARGET = 12.3;
				MTL_ENABLE_DEBUG_INFO = INCLUDE_SOURCE;
				MTL_FAST_MATH = YES;
				ONLY_ACTIVE_ARCH = YES;
				SDKROOT = macosx;
				SWIFT_ACTIVE_COMPILATION_CONDITIONS = DEBUG;
				SWIFT_OPTIMIZATION_LEVEL = "-Onone";
			};
			name = Debug;
		};
		68A685F728470BDA00E792D4 /* Release */ = {
			isa = XCBuildConfiguration;
			buildSettings = {
				ALWAYS_SEARCH_USER_PATHS = NO;
				CLANG_ANALYZER_NONNULL = YES;
				CLANG_ANALYZER_NUMBER_OBJECT_CONVERSION = YES_AGGRESSIVE;
				CLANG_CXX_LANGUAGE_STANDARD = "gnu++17";
				CLANG_ENABLE_MODULES = YES;
				CLANG_ENABLE_OBJC_ARC = YES;
				CLANG_ENABLE_OBJC_WEAK = YES;
				CLANG_WARN_BLOCK_CAPTURE_AUTORELEASING = YES;
				CLANG_WARN_BOOL_CONVERSION = YES;
				CLANG_WARN_COMMA = YES;
				CLANG_WARN_CONSTANT_CONVERSION = YES;
				CLANG_WARN_DEPRECATED_OBJC_IMPLEMENTATIONS = YES;
				CLANG_WARN_DIRECT_OBJC_ISA_USAGE = YES_ERROR;
				CLANG_WARN_DOCUMENTATION_COMMENTS = YES;
				CLANG_WARN_EMPTY_BODY = YES;
				CLANG_WARN_ENUM_CONVERSION = YES;
				CLANG_WARN_INFINITE_RECURSION = YES;
				CLANG_WARN_INT_CONVERSION = YES;
				CLANG_WARN_NON_LITERAL_NULL_CONVERSION = YES;
				CLANG_WARN_OBJC_IMPLICIT_RETAIN_SELF = YES;
				CLANG_WARN_OBJC_LITERAL_CONVERSION = YES;
				CLANG_WARN_OBJC_ROOT_CLASS = YES_ERROR;
				CLANG_WARN_QUOTED_INCLUDE_IN_FRAMEWORK_HEADER = YES;
				CLANG_WARN_RANGE_LOOP_ANALYSIS = YES;
				CLANG_WARN_STRICT_PROTOTYPES = YES;
				CLANG_WARN_SUSPICIOUS_MOVE = YES;
				CLANG_WARN_UNGUARDED_AVAILABILITY = YES_AGGRESSIVE;
				CLANG_WARN_UNREACHABLE_CODE = YES;
				CLANG_WARN__DUPLICATE_METHOD_MATCH = YES;
				COPY_PHASE_STRIP = NO;
				DEBUG_INFORMATION_FORMAT = "dwarf-with-dsym";
				ENABLE_NS_ASSERTIONS = NO;
				ENABLE_STRICT_OBJC_MSGSEND = YES;
				GCC_C_LANGUAGE_STANDARD = gnu11;
				GCC_NO_COMMON_BLOCKS = YES;
				GCC_WARN_64_TO_32_BIT_CONVERSION = YES;
				GCC_WARN_ABOUT_RETURN_TYPE = YES_ERROR;
				GCC_WARN_UNDECLARED_SELECTOR = YES;
				GCC_WARN_UNINITIALIZED_AUTOS = YES_AGGRESSIVE;
				GCC_WARN_UNUSED_FUNCTION = YES;
				GCC_WARN_UNUSED_VARIABLE = YES;
				MACOSX_DEPLOYMENT_TARGET = 12.3;
				MTL_ENABLE_DEBUG_INFO = NO;
				MTL_FAST_MATH = YES;
				SDKROOT = macosx;
				SWIFT_COMPILATION_MODE = wholemodule;
				SWIFT_OPTIMIZATION_LEVEL = "-O";
			};
			name = Release;
		};
		68A685F928470BDA00E792D4 /* Debug */ = {
			isa = XCBuildConfiguration;
			buildSettings = {
				ALWAYS_EMBED_SWIFT_STANDARD_LIBRARIES = YES;
				ASSETCATALOG_COMPILER_APPICON_NAME = AppIcon;
				ASSETCATALOG_COMPILER_GLOBAL_ACCENT_COLOR_NAME = AccentColor;
				CODE_SIGN_ENTITLEMENTS = Elva/Elva.entitlements;
				CODE_SIGN_STYLE = Automatic;
				COMBINE_HIDPI_IMAGES = YES;
				CURRENT_PROJECT_VERSION = 1;
				DEVELOPMENT_ASSET_PATHS = "\"Elva/Preview Content\"";
				DEVELOPMENT_TEAM = 73CCF549YB;
				ENABLE_HARDENED_RUNTIME = YES;
				ENABLE_PREVIEWS = YES;
				GENERATE_INFOPLIST_FILE = YES;
				INFOPLIST_KEY_NSHumanReadableCopyright = "";
				LD_RUNPATH_SEARCH_PATHS = (
					"$(inherited)",
					"@executable_path/../Frameworks",
				);
				MARKETING_VERSION = 1.0;
				OTHER_SWIFT_FLAGS = "";
				PRODUCT_BUNDLE_IDENTIFIER = com.ArthurG.Elva;
				PRODUCT_NAME = "$(TARGET_NAME)";
				SWIFT_EMIT_LOC_STRINGS = YES;
				SWIFT_INSTALL_OBJC_HEADER = YES;
				SWIFT_VERSION = 5.0;
			};
			name = Debug;
		};
		68A685FA28470BDA00E792D4 /* Release */ = {
			isa = XCBuildConfiguration;
			buildSettings = {
				ALWAYS_EMBED_SWIFT_STANDARD_LIBRARIES = YES;
				ASSETCATALOG_COMPILER_APPICON_NAME = AppIcon;
				ASSETCATALOG_COMPILER_GLOBAL_ACCENT_COLOR_NAME = AccentColor;
				CODE_SIGN_ENTITLEMENTS = Elva/Elva.entitlements;
				CODE_SIGN_STYLE = Automatic;
				COMBINE_HIDPI_IMAGES = YES;
				CURRENT_PROJECT_VERSION = 1;
				DEVELOPMENT_ASSET_PATHS = "\"Elva/Preview Content\"";
				DEVELOPMENT_TEAM = 73CCF549YB;
				ENABLE_HARDENED_RUNTIME = YES;
				ENABLE_PREVIEWS = YES;
				GENERATE_INFOPLIST_FILE = YES;
				INFOPLIST_KEY_NSHumanReadableCopyright = "";
				LD_RUNPATH_SEARCH_PATHS = (
					"$(inherited)",
					"@executable_path/../Frameworks",
				);
				MARKETING_VERSION = 1.0;
				OTHER_SWIFT_FLAGS = "";
				PRODUCT_BUNDLE_IDENTIFIER = com.ArthurG.Elva;
				PRODUCT_NAME = "$(TARGET_NAME)";
				SWIFT_EMIT_LOC_STRINGS = YES;
				SWIFT_INSTALL_OBJC_HEADER = YES;
				SWIFT_VERSION = 5.0;
			};
			name = Release;
		};
		68A6861828470C0900E792D4 /* Debug */ = {
			isa = XCBuildConfiguration;
			buildSettings = {
				CLANG_ENABLE_MODULES = YES;
				CODE_SIGN_STYLE = Automatic;
				COMBINE_HIDPI_IMAGES = YES;
				CURRENT_PROJECT_VERSION = 1;
				DEFINES_MODULE = YES;
				DEVELOPMENT_TEAM = 73CCF549YB;
				DYLIB_COMPATIBILITY_VERSION = 1;
				DYLIB_CURRENT_VERSION = 1;
				DYLIB_INSTALL_NAME_BASE = "@rpath";
				GENERATE_INFOPLIST_FILE = YES;
				INFOPLIST_KEY_NSHumanReadableCopyright = "";
				INSTALL_PATH = "$(LOCAL_LIBRARY_DIR)/Frameworks";
				LD_RUNPATH_SEARCH_PATHS = (
					"$(inherited)",
					"@executable_path/../Frameworks",
					"@loader_path/Frameworks",
				);
				MARKETING_VERSION = 1.0;
				OTHER_SWIFT_FLAGS = "";
				PRODUCT_BUNDLE_IDENTIFIER = com.ArthurG.EditorCore;
				PRODUCT_NAME = "$(TARGET_NAME:c99extidentifier)";
				SKIP_INSTALL = YES;
				SWIFT_EMIT_LOC_STRINGS = YES;
				SWIFT_INSTALL_OBJC_HEADER = NO;
				SWIFT_OPTIMIZATION_LEVEL = "-Onone";
				SWIFT_VERSION = 5.0;
				VERSIONING_SYSTEM = "apple-generic";
				VERSION_INFO_PREFIX = "";
			};
			name = Debug;
		};
		68A6861928470C0900E792D4 /* Release */ = {
			isa = XCBuildConfiguration;
			buildSettings = {
				CLANG_ENABLE_MODULES = YES;
				CODE_SIGN_STYLE = Automatic;
				COMBINE_HIDPI_IMAGES = YES;
				CURRENT_PROJECT_VERSION = 1;
				DEFINES_MODULE = YES;
				DEVELOPMENT_TEAM = 73CCF549YB;
				DYLIB_COMPATIBILITY_VERSION = 1;
				DYLIB_CURRENT_VERSION = 1;
				DYLIB_INSTALL_NAME_BASE = "@rpath";
				GENERATE_INFOPLIST_FILE = YES;
				INFOPLIST_KEY_NSHumanReadableCopyright = "";
				INSTALL_PATH = "$(LOCAL_LIBRARY_DIR)/Frameworks";
				LD_RUNPATH_SEARCH_PATHS = (
					"$(inherited)",
					"@executable_path/../Frameworks",
					"@loader_path/Frameworks",
				);
				MARKETING_VERSION = 1.0;
				OTHER_SWIFT_FLAGS = "";
				PRODUCT_BUNDLE_IDENTIFIER = com.ArthurG.EditorCore;
				PRODUCT_NAME = "$(TARGET_NAME:c99extidentifier)";
				SKIP_INSTALL = YES;
				SWIFT_EMIT_LOC_STRINGS = YES;
				SWIFT_INSTALL_OBJC_HEADER = NO;
				SWIFT_VERSION = 5.0;
				VERSIONING_SYSTEM = "apple-generic";
				VERSION_INFO_PREFIX = "";
			};
			name = Release;
		};
		68A6861C28470C0900E792D4 /* Debug */ = {
			isa = XCBuildConfiguration;
			buildSettings = {
				ALWAYS_EMBED_SWIFT_STANDARD_LIBRARIES = YES;
				CODE_SIGN_STYLE = Automatic;
				CURRENT_PROJECT_VERSION = 1;
				DEVELOPMENT_TEAM = 73CCF549YB;
				GENERATE_INFOPLIST_FILE = YES;
				MARKETING_VERSION = 1.0;
				PRODUCT_BUNDLE_IDENTIFIER = com.ArthurG.EditorCoreTests;
				PRODUCT_NAME = "$(TARGET_NAME)";
				SWIFT_EMIT_LOC_STRINGS = NO;
				SWIFT_VERSION = 5.0;
				TEST_HOST = "$(BUILT_PRODUCTS_DIR)/Elva.app/Contents/MacOS/Elva";
			};
			name = Debug;
		};
		68A6861D28470C0900E792D4 /* Release */ = {
			isa = XCBuildConfiguration;
			buildSettings = {
				ALWAYS_EMBED_SWIFT_STANDARD_LIBRARIES = YES;
				CODE_SIGN_STYLE = Automatic;
				CURRENT_PROJECT_VERSION = 1;
				DEVELOPMENT_TEAM = 73CCF549YB;
				GENERATE_INFOPLIST_FILE = YES;
				MARKETING_VERSION = 1.0;
				PRODUCT_BUNDLE_IDENTIFIER = com.ArthurG.EditorCoreTests;
				PRODUCT_NAME = "$(TARGET_NAME)";
				SWIFT_EMIT_LOC_STRINGS = NO;
				SWIFT_VERSION = 5.0;
				TEST_HOST = "$(BUILT_PRODUCTS_DIR)/Elva.app/Contents/MacOS/Elva";
			};
			name = Release;
		};
/* End XCBuildConfiguration section */

/* Begin XCConfigurationList section */
		68A685E428470BD800E792D4 /* Build configuration list for PBXProject "Elva" */ = {
			isa = XCConfigurationList;
			buildConfigurations = (
				68A685F628470BDA00E792D4 /* Debug */,
				68A685F728470BDA00E792D4 /* Release */,
			);
			defaultConfigurationIsVisible = 0;
			defaultConfigurationName = Release;
		};
		68A685F828470BDA00E792D4 /* Build configuration list for PBXNativeTarget "Elva" */ = {
			isa = XCConfigurationList;
			buildConfigurations = (
				68A685F928470BDA00E792D4 /* Debug */,
				68A685FA28470BDA00E792D4 /* Release */,
			);
			defaultConfigurationIsVisible = 0;
			defaultConfigurationName = Release;
		};
		68A6861728470C0900E792D4 /* Build configuration list for PBXNativeTarget "EditorCore" */ = {
			isa = XCConfigurationList;
			buildConfigurations = (
				68A6861828470C0900E792D4 /* Debug */,
				68A6861928470C0900E792D4 /* Release */,
			);
			defaultConfigurationIsVisible = 0;
			defaultConfigurationName = Release;
		};
		68A6861B28470C0900E792D4 /* Build configuration list for PBXNativeTarget "EditorCoreTests" */ = {
			isa = XCConfigurationList;
			buildConfigurations = (
				68A6861C28470C0900E792D4 /* Debug */,
				68A6861D28470C0900E792D4 /* Release */,
			);
			defaultConfigurationIsVisible = 0;
			defaultConfigurationName = Release;
		};
/* End XCConfigurationList section */

/* Begin XCRemoteSwiftPackageReference section */
		6858DC50284D875F003A5269 /* XCRemoteSwiftPackageReference "STTextView" */ = {
			isa = XCRemoteSwiftPackageReference;
			repositoryURL = "https://github.com/krzyzanowskim/STTextView";
			requirement = {
				kind = upToNextMajorVersion;
				minimumVersion = 0.0.9;
			};
		};
/* End XCRemoteSwiftPackageReference section */

/* Begin XCSwiftPackageProductDependency section */
		6858DC51284D875F003A5269 /* STTextView */ = {
			isa = XCSwiftPackageProductDependency;
			package = 6858DC50284D875F003A5269 /* XCRemoteSwiftPackageReference "STTextView" */;
			productName = STTextView;
		};
		6858DC53284D8786003A5269 /* STTextView */ = {
			isa = XCSwiftPackageProductDependency;
			package = 6858DC50284D875F003A5269 /* XCRemoteSwiftPackageReference "STTextView" */;
			productName = STTextView;
		};
/* End XCSwiftPackageProductDependency section */
	};
	rootObject = 68A685E128470BD800E792D4 /* Project object */;
}
